
Microsoft Visual Studio Solution File, Format Version 12.00
# Visual Studio Version 16
VisualStudioVersion = 16.0.31702.278
MinimumVisualStudioVersion = 10.0.40219.1
Project("{2150E333-8FDC-42A3-9474-1A3956D46DE8}") = "Tests", "Tests", "{8648E772-B734-41EB-BFC3-DC805E4A3C55}"
EndProject
Project("{9A19103F-16F7-4668-BE54-9A1E7A4F7556}") = "LCPPulse.UnitTests", "LPCPulse.UnitTests\LCPPulse.UnitTests.csproj", "{7EE8406A-905B-4CC5-AA87-354932E96ACB}"
EndProject
Project("{9A19103F-16F7-4668-BE54-9A1E7A4F7556}") = "LCPPulse.Data", "LPCPulse.Data\LCPPulse.Data.csproj", "{22EE08AE-3240-49BF-A8FF-AF5861D7643C}"
EndProject
Global
	GlobalSection(SolutionConfigurationPlatforms) = preSolution
		Debug|Any CPU = Debug|Any CPU
		Release|Any CPU = Release|Any CPU
	EndGlobalSection
	GlobalSection(ProjectConfigurationPlatforms) = postSolution
		{7EE8406A-905B-4CC5-AA87-354932E96ACB}.Debug|Any CPU.ActiveCfg = Debug|Any CPU
		{7EE8406A-905B-4CC5-AA87-354932E96ACB}.Debug|Any CPU.Build.0 = Debug|Any CPU
		{7EE8406A-905B-4CC5-AA87-354932E96ACB}.Release|Any CPU.ActiveCfg = Release|Any CPU
		{7EE8406A-905B-4CC5-AA87-354932E96ACB}.Release|Any CPU.Build.0 = Release|Any CPU
		{22EE08AE-3240-49BF-A8FF-AF5861D7643C}.Debug|Any CPU.ActiveCfg = Debug|Any CPU
		{22EE08AE-3240-49BF-A8FF-AF5861D7643C}.Debug|Any CPU.Build.0 = Debug|Any CPU
		{22EE08AE-3240-49BF-A8FF-AF5861D7643C}.Release|Any CPU.ActiveCfg = Release|Any CPU
		{22EE08AE-3240-49BF-A8FF-AF5861D7643C}.Release|Any CPU.Build.0 = Release|Any CPU
	EndGlobalSection
	GlobalSection(SolutionProperties) = preSolution
		HideSolutionNode = FALSE
	EndGlobalSection
	GlobalSection(NestedProjects) = preSolution
		{7EE8406A-905B-4CC5-AA87-354932E96ACB} = {8648E772-B734-41EB-BFC3-DC805E4A3C55}
	EndGlobalSection
	GlobalSection(ExtensibilityGlobals) = postSolution
		SolutionGuid = {C190B7BD-B1BC-49BC-B9FC-A67A62A49361}
	EndGlobalSection
EndGlobal
